DEPENDENCIES
  s3_wordpress
    path: .
    metadata: true

GRAPH
  apt (3.0.0)
  aws (3.3.2)
    ohai (>= 2.1.0)
  build-essential (3.2.0)
    seven_zip (>= 0.0.0)
  chef-sugar (3.3.0)
  chef_handler (1.3.0)
  database (5.1.2)
    postgresql (>= 1.0.0)
  lamp (1.0.4)
  mysql (6.1.3)
    smf (>= 0.0.0)
    yum-mysql-community (>= 0.0.0)
  ohai (3.0.1)
  openssl (4.4.0)
    chef-sugar (>= 3.1.1)
  postgresql (4.0.6)
    apt (>= 1.9.0)
    build-essential (>= 0.0.0)
    openssl (~> 4.0)
  rbac (1.0.3)
  s3_wordpress (0.0.7)
    apt (= 3.0.0)
    aws (= 3.3.2)
    build-essential (= 3.2.0)
    chef-sugar (= 3.3.0)
    chef_handler (= 1.3.0)
    database (= 5.1.2)
    lamp (= 1.0.4)
    mysql (= 6.1.3)
    ohai (= 3.0.1)
    openssl (= 4.4.0)
    postgresql (= 4.0.6)
    rbac (= 1.0.3)
    seven_zip (= 2.0.0)
    smf (= 2.2.8)
    windows (= 1.39.2)
    yum (= 3.10.0)
    yum-mysql-community (= 0.2.0)
  seven_zip (2.0.0)
    windows (>= 1.2.2)
  smf (2.2.8)
    rbac (>= 1.0.1)
  windows (1.39.2)
    chef_handler (>= 0.0.0)
  yum (3.10.0)
  yum-mysql-community (0.2.0)
    yum (>= 3.2)
